
Microsoft Visual Studio Solution File, Format Version 12.00
# Visual Studio 2013
VisualStudioVersion = 12.0.21005.1
MinimumVisualStudioVersion = 10.0.40219.1
Project("{2150E333-8FDC-42A3-9474-1A3956D46DE8}") = "模型层", "模型层", "{219D807B-F79F-4CB6-BD18-2CC41BE0B4E2}"
EndProject
Project("{2150E333-8FDC-42A3-9474-1A3956D46DE8}") = "数据访问层", "数据访问层", "{D6AF599B-1D59-4B29-9F9A-C331D768C38A}"
EndProject
Project("{2150E333-8FDC-42A3-9474-1A3956D46DE8}") = "数据访问层工厂", "数据访问层工厂", "{20C68117-D299-48D8-8AA6-3D421CD84746}"
EndProject
Project("{2150E333-8FDC-42A3-9474-1A3956D46DE8}") = "业务逻辑层", "业务逻辑层", "{05933F4B-262F-4294-A23E-BD5863F589B7}"
EndProject
Project("{2150E333-8FDC-42A3-9474-1A3956D46DE8}") = "业务逻辑层工厂", "业务逻辑层工厂", "{E59CEE26-114D-4314-BBDC-984B03117D0E}"
EndProject
Project("{2150E333-8FDC-42A3-9474-1A3956D46DE8}") = "公公类库", "公公类库", "{8E624A07-DA07-4834-A4AE-AAD5B1AAE003}"
EndProject
Project("{2150E333-8FDC-42A3-9474-1A3956D46DE8}") = "单元测试", "单元测试", "{73B2E8A8-0AFD-4421-A057-86FD65D5A719}"
EndProject
Project("{2150E333-8FDC-42A3-9474-1A3956D46DE8}") = "表示层", "表示层", "{E71EF731-F605-4BF3-9536-8077EF1A73CE}"
EndProject
Project("{FAE04EC0-301F-11D3-BF4B-00C04F79EFBC}") = "dbqn.T115OA.Model", "dbqn.T115OA.Model\dbqn.T115OA.Model.csproj", "{C4F0488E-22E8-4411-99CC-A51C3F03C54E}"
EndProject
Project("{FAE04EC0-301F-11D3-BF4B-00C04F79EFBC}") = "T115.DbContextFactory", "T115.DbContextFactory\T115.DbContextFactory.csproj", "{97329297-113F-4D48-967E-101CADA3E1E0}"
EndProject
Project("{FAE04EC0-301F-11D3-BF4B-00C04F79EFBC}") = "T115.EFDal", "T115.EFDal\T115.EFDal.csproj", "{A6ACD017-F8FC-49FE-95D9-E1F7693374B1}"
EndProject
Project("{FAE04EC0-301F-11D3-BF4B-00C04F79EFBC}") = "T115.IDal", "T115.IDal\T115.IDal.csproj", "{F011E08C-8AB0-4495-9805-38F20F848B43}"
EndProject
Project("{FAE04EC0-301F-11D3-BF4B-00C04F79EFBC}") = "T115.DalFactory", "T115.DalFactory\T115.DalFactory.csproj", "{48980D4A-D052-416D-8C48-3C7D792D0C05}"
EndProject
Project("{FAE04EC0-301F-11D3-BF4B-00C04F79EFBC}") = "T115.DbSession", "T115.DbSession\T115.DbSession.csproj", "{6AA3BC56-D923-4407-880B-6262973FA169}"
EndProject
Project("{FAE04EC0-301F-11D3-BF4B-00C04F79EFBC}") = "T115.IDbSession", "T115.IDbSession\T115.IDbSession.csproj", "{7160A79F-6559-4295-AEF2-AA6727F3BE5D}"
EndProject
Project("{FAE04EC0-301F-11D3-BF4B-00C04F79EFBC}") = "T115.DbSessionFactory", "T115.DbSessionFactory\T115.DbSessionFactory.csproj", "{FF596FB3-898C-4BD2-95D6-DF8D763B8C85}"
EndProject
Project("{FAE04EC0-301F-11D3-BF4B-00C04F79EFBC}") = "T115.Factory", "T115.Factory\T115.Factory.csproj", "{3121380B-EEF9-4D37-BA74-B0D21C95F6BF}"
EndProject
Project("{FAE04EC0-301F-11D3-BF4B-00C04F79EFBC}") = "T115.Common", "T115.Common\T115.Common.csproj", "{ADA9CB22-EF28-4810-898B-20FC1408E566}"
EndProject
Project("{FAE04EC0-301F-11D3-BF4B-00C04F79EFBC}") = "T115.Bll", "T115.Bll\T115.Bll.csproj", "{8583FADE-9B56-406E-93C3-9A7761B50382}"
EndProject
Project("{FAE04EC0-301F-11D3-BF4B-00C04F79EFBC}") = "T115.IBll", "T115.IBll\T115.IBll.csproj", "{4DE47EA8-60D2-4A91-BFEA-6DD26C70D73F}"
EndProject
Project("{FAE04EC0-301F-11D3-BF4B-00C04F79EFBC}") = "MvcApplication1", "MvcApplication1\MvcApplication1.csproj", "{4578E110-E9D3-4028-BCBA-1220C91E03DE}"
EndProject
Global
	GlobalSection(SolutionConfigurationPlatforms) = preSolution
		Debug|Any CPU = Debug|Any CPU
		Release|Any CPU = Release|Any CPU
	EndGlobalSection
	GlobalSection(ProjectConfigurationPlatforms) = postSolution
		{C4F0488E-22E8-4411-99CC-A51C3F03C54E}.Debug|Any CPU.ActiveCfg = Debug|Any CPU
		{C4F0488E-22E8-4411-99CC-A51C3F03C54E}.Debug|Any CPU.Build.0 = Debug|Any CPU
		{C4F0488E-22E8-4411-99CC-A51C3F03C54E}.Release|Any CPU.ActiveCfg = Release|Any CPU
		{C4F0488E-22E8-4411-99CC-A51C3F03C54E}.Release|Any CPU.Build.0 = Release|Any CPU
		{97329297-113F-4D48-967E-101CADA3E1E0}.Debug|Any CPU.ActiveCfg = Debug|Any CPU
		{97329297-113F-4D48-967E-101CADA3E1E0}.Debug|Any CPU.Build.0 = Debug|Any CPU
		{97329297-113F-4D48-967E-101CADA3E1E0}.Release|Any CPU.ActiveCfg = Release|Any CPU
		{97329297-113F-4D48-967E-101CADA3E1E0}.Release|Any CPU.Build.0 = Release|Any CPU
		{A6ACD017-F8FC-49FE-95D9-E1F7693374B1}.Debug|Any CPU.ActiveCfg = Debug|Any CPU
		{A6ACD017-F8FC-49FE-95D9-E1F7693374B1}.Debug|Any CPU.Build.0 = Debug|Any CPU
		{A6ACD017-F8FC-49FE-95D9-E1F7693374B1}.Release|Any CPU.ActiveCfg = Release|Any CPU
		{A6ACD017-F8FC-49FE-95D9-E1F7693374B1}.Release|Any CPU.Build.0 = Release|Any CPU
		{F011E08C-8AB0-4495-9805-38F20F848B43}.Debug|Any CPU.ActiveCfg = Debug|Any CPU
		{F011E08C-8AB0-4495-9805-38F20F848B43}.Debug|Any CPU.Build.0 = Debug|Any CPU
		{F011E08C-8AB0-4495-9805-38F20F848B43}.Release|Any CPU.ActiveCfg = Release|Any CPU
		{F011E08C-8AB0-4495-9805-38F20F848B43}.Release|Any CPU.Build.0 = Release|Any CPU
		{48980D4A-D052-416D-8C48-3C7D792D0C05}.Debug|Any CPU.ActiveCfg = Debug|Any CPU
		{48980D4A-D052-416D-8C48-3C7D792D0C05}.Debug|Any CPU.Build.0 = Debug|Any CPU
		{48980D4A-D052-416D-8C48-3C7D792D0C05}.Release|Any CPU.ActiveCfg = Release|Any CPU
		{48980D4A-D052-416D-8C48-3C7D792D0C05}.Release|Any CPU.Build.0 = Release|Any CPU
		{6AA3BC56-D923-4407-880B-6262973FA169}.Debug|Any CPU.ActiveCfg = Debug|Any CPU
		{6AA3BC56-D923-4407-880B-6262973FA169}.Debug|Any CPU.Build.0 = Debug|Any CPU
		{6AA3BC56-D923-4407-880B-6262973FA169}.Release|Any CPU.ActiveCfg = Release|Any CPU
		{6AA3BC56-D923-4407-880B-6262973FA169}.Release|Any CPU.Build.0 = Release|Any CPU
		{7160A79F-6559-4295-AEF2-AA6727F3BE5D}.Debug|Any CPU.ActiveCfg = Debug|Any CPU
		{7160A79F-6559-4295-AEF2-AA6727F3BE5D}.Debug|Any CPU.Build.0 = Debug|Any CPU
		{7160A79F-6559-4295-AEF2-AA6727F3BE5D}.Release|Any CPU.ActiveCfg = Release|Any CPU
		{7160A79F-6559-4295-AEF2-AA6727F3BE5D}.Release|Any CPU.Build.0 = Release|Any CPU
		{FF596FB3-898C-4BD2-95D6-DF8D763B8C85}.Debug|Any CPU.ActiveCfg = Debug|Any CPU
		{FF596FB3-898C-4BD2-95D6-DF8D763B8C85}.Debug|Any CPU.Build.0 = Debug|Any CPU
		{FF596FB3-898C-4BD2-95D6-DF8D763B8C85}.Release|Any CPU.ActiveCfg = Release|Any CPU
		{FF596FB3-898C-4BD2-95D6-DF8D763B8C85}.Release|Any CPU.Build.0 = Release|Any CPU
		{3121380B-EEF9-4D37-BA74-B0D21C95F6BF}.Debug|Any CPU.ActiveCfg = Debug|Any CPU
		{3121380B-EEF9-4D37-BA74-B0D21C95F6BF}.Debug|Any CPU.Build.0 = Debug|Any CPU
		{3121380B-EEF9-4D37-BA74-B0D21C95F6BF}.Release|Any CPU.ActiveCfg = Release|Any CPU
		{3121380B-EEF9-4D37-BA74-B0D21C95F6BF}.Release|Any CPU.Build.0 = Release|Any CPU
		{ADA9CB22-EF28-4810-898B-20FC1408E566}.Debug|Any CPU.ActiveCfg = Debug|Any CPU
		{ADA9CB22-EF28-4810-898B-20FC1408E566}.Debug|Any CPU.Build.0 = Debug|Any CPU
		{ADA9CB22-EF28-4810-898B-20FC1408E566}.Release|Any CPU.ActiveCfg = Release|Any CPU
		{ADA9CB22-EF28-4810-898B-20FC1408E566}.Release|Any CPU.Build.0 = Release|Any CPU
		{8583FADE-9B56-406E-93C3-9A7761B50382}.Debug|Any CPU.ActiveCfg = Debug|Any CPU
		{8583FADE-9B56-406E-93C3-9A7761B50382}.Debug|Any CPU.Build.0 = Debug|Any CPU
		{8583FADE-9B56-406E-93C3-9A7761B50382}.Release|Any CPU.ActiveCfg = Release|Any CPU
		{8583FADE-9B56-406E-93C3-9A7761B50382}.Release|Any CPU.Build.0 = Release|Any CPU
		{4DE47EA8-60D2-4A91-BFEA-6DD26C70D73F}.Debug|Any CPU.ActiveCfg = Debug|Any CPU
		{4DE47EA8-60D2-4A91-BFEA-6DD26C70D73F}.Debug|Any CPU.Build.0 = Debug|Any CPU
		{4DE47EA8-60D2-4A91-BFEA-6DD26C70D73F}.Release|Any CPU.ActiveCfg = Release|Any CPU
		{4DE47EA8-60D2-4A91-BFEA-6DD26C70D73F}.Release|Any CPU.Build.0 = Release|Any CPU
		{4578E110-E9D3-4028-BCBA-1220C91E03DE}.Debug|Any CPU.ActiveCfg = Debug|Any CPU
		{4578E110-E9D3-4028-BCBA-1220C91E03DE}.Debug|Any CPU.Build.0 = Debug|Any CPU
		{4578E110-E9D3-4028-BCBA-1220C91E03DE}.Release|Any CPU.ActiveCfg = Release|Any CPU
		{4578E110-E9D3-4028-BCBA-1220C91E03DE}.Release|Any CPU.Build.0 = Release|Any CPU
	EndGlobalSection
	GlobalSection(SolutionProperties) = preSolution
		HideSolutionNode = FALSE
	EndGlobalSection
	GlobalSection(NestedProjects) = preSolution
		{C4F0488E-22E8-4411-99CC-A51C3F03C54E} = {219D807B-F79F-4CB6-BD18-2CC41BE0B4E2}
		{97329297-113F-4D48-967E-101CADA3E1E0} = {D6AF599B-1D59-4B29-9F9A-C331D768C38A}
		{A6ACD017-F8FC-49FE-95D9-E1F7693374B1} = {D6AF599B-1D59-4B29-9F9A-C331D768C38A}
		{F011E08C-8AB0-4495-9805-38F20F848B43} = {D6AF599B-1D59-4B29-9F9A-C331D768C38A}
		{48980D4A-D052-416D-8C48-3C7D792D0C05} = {20C68117-D299-48D8-8AA6-3D421CD84746}
		{6AA3BC56-D923-4407-880B-6262973FA169} = {20C68117-D299-48D8-8AA6-3D421CD84746}
		{7160A79F-6559-4295-AEF2-AA6727F3BE5D} = {20C68117-D299-48D8-8AA6-3D421CD84746}
		{FF596FB3-898C-4BD2-95D6-DF8D763B8C85} = {20C68117-D299-48D8-8AA6-3D421CD84746}
		{3121380B-EEF9-4D37-BA74-B0D21C95F6BF} = {20C68117-D299-48D8-8AA6-3D421CD84746}
		{8583FADE-9B56-406E-93C3-9A7761B50382} = {05933F4B-262F-4294-A23E-BD5863F589B7}
		{4DE47EA8-60D2-4A91-BFEA-6DD26C70D73F} = {05933F4B-262F-4294-A23E-BD5863F589B7}
		{ADA9CB22-EF28-4810-898B-20FC1408E566} = {8E624A07-DA07-4834-A4AE-AAD5B1AAE003}
		{4578E110-E9D3-4028-BCBA-1220C91E03DE} = {E71EF731-F605-4BF3-9536-8077EF1A73CE}
	EndGlobalSection
EndGlobal
